
Microsoft Visual Studio Solution File, Format Version 12.00
# Visual Studio Version 17
VisualStudioVersion = 17.0.31919.166
MinimumVisualStudioVersion = 10.0.40219.1
Project("{FAE04EC0-301F-11D3-BF4B-00C04F79EFBC}") = "charts", "charts\charts.csproj", "{602BEA46-D942-46BA-BAEE-0896391AE415}"
EndProject
Global
	GlobalSection(SolutionConfigurationPlatforms) = preSolution
		Debug|Any CPU = Debug|Any CPU
		Release|Any CPU = Release|Any CPU
	EndGlobalSection
	GlobalSection(ProjectConfigurationPlatforms) = postSolution
		{602BEA46-D942-46BA-BAEE-0896391AE415}.Debug|Any CPU.ActiveCfg = Debug|Any CPU
		{602BEA46-D942-46BA-BAEE-0896391AE415}.Debug|Any CPU.Build.0 = Debug|Any CPU
		{602BEA46-D942-46BA-BAEE-0896391AE415}.Release|Any CPU.ActiveCfg = Release|Any CPU
		{602BEA46-D942-46BA-BAEE-0896391AE415}.Release|Any CPU.Build.0 = Release|Any CPU
	EndGlobalSection
	GlobalSection(SolutionProperties) = preSolution
		HideSolutionNode = FALSE
	EndGlobalSection
	GlobalSection(ExtensibilityGlobals) = postSolution
		SolutionGuid = {1418F068-C0F4-479B-96CF-86AE5F3453E0}
	EndGlobalSection
EndGlobal
